
Microsoft Visual Studio Solution File, Format Version 12.00
# Visual Studio Version 16
VisualStudioVersion = 16.0.29503.13
MinimumVisualStudioVersion = 10.0.40219.1
Project("{FAE04EC0-301F-11D3-BF4B-00C04F79EFBC}") = "CalculatorUnitTest", "CalculatorUnitTest\CalculatorUnitTest.csproj", "{C3EB212D-2108-4B8C-8574-C0873A92B0D1}"
EndProject
Global
	GlobalSection(SolutionConfigurationPlatforms) = preSolution
		Debug|Any CPU = Debug|Any CPU
		Release|Any CPU = Release|Any CPU
	EndGlobalSection
	GlobalSection(ProjectConfigurationPlatforms) = postSolution
		{C3EB212D-2108-4B8C-8574-C0873A92B0D1}.Debug|Any CPU.ActiveCfg = Debug|Any CPU
		{C3EB212D-2108-4B8C-8574-C0873A92B0D1}.Debug|Any CPU.Build.0 = Debug|Any CPU
		{C3EB212D-2108-4B8C-8574-C0873A92B0D1}.Release|Any CPU.ActiveCfg = Release|Any CPU
		{C3EB212D-2108-4B8C-8574-C0873A92B0D1}.Release|Any CPU.Build.0 = Release|Any CPU
	EndGlobalSection
	GlobalSection(SolutionProperties) = preSolution
		HideSolutionNode = FALSE
	EndGlobalSection
	GlobalSection(ExtensibilityGlobals) = postSolution
		SolutionGuid = {6643EE46-7568-4383-B7D4-E27A77B25891}
	EndGlobalSection
EndGlobal
